
Microsoft Visual Studio Solution File, Format Version 12.00
# Visual Studio Version 16
VisualStudioVersion = 16.0.30503.244
MinimumVisualStudioVersion = 10.0.40219.1
Project("{FAE04EC0-301F-11D3-BF4B-00C04F79EFBC}") = "menhen.info", "menhen.info.csproj", "{42522D9E-E588-4C00-9AC3-2BA695B3C180}"
EndProject
Global
	GlobalSection(SolutionConfigurationPlatforms) = preSolution
		Debug|Any CPU = Debug|Any CPU
		Release|Any CPU = Release|Any CPU
	EndGlobalSection
	GlobalSection(ProjectConfigurationPlatforms) = postSolution
		{42522D9E-E588-4C00-9AC3-2BA695B3C180}.Debug|Any CPU.ActiveCfg = Debug|Any CPU
		{42522D9E-E588-4C00-9AC3-2BA695B3C180}.Debug|Any CPU.Build.0 = Debug|Any CPU
		{42522D9E-E588-4C00-9AC3-2BA695B3C180}.Release|Any CPU.ActiveCfg = Release|Any CPU
		{42522D9E-E588-4C00-9AC3-2BA695B3C180}.Release|Any CPU.Build.0 = Release|Any CPU
	EndGlobalSection
	GlobalSection(SolutionProperties) = preSolution
		HideSolutionNode = FALSE
	EndGlobalSection
	GlobalSection(ExtensibilityGlobals) = postSolution
		SolutionGuid = {891AB46F-C41F-4982-939C-E54171F9D82A}
	EndGlobalSection
EndGlobal
